// !$*UTF8*$!
{
	archiveVersion = 1;
	classes = {
	};
	objectVersion = 51;
	objects = {

/* Begin PBXBuildFile section */
		5D5736EE7E203CB28056DD20 /* Pods_ios_marconi_app.framework in Frameworks */ = {isa = PBXBuildFile; fileRef = E08A428D6213F00E85FCFC05 /* Pods_ios_marconi_app.framework */; };
		6F08E9D42605048F003D0E07 /* MainViewController.swift in Sources */ = {isa = PBXBuildFile; fileRef = 6F08E9D32605048F003D0E07 /* MainViewController.swift */; };
		6F08E9D62605093E003D0E07 /* ViewModelOwnable.swift in Sources */ = {isa = PBXBuildFile; fileRef = 6F08E9D52605093E003D0E07 /* ViewModelOwnable.swift */; };
		6F1517D025FFC6D800AD9354 /* AppDelegate.swift in Sources */ = {isa = PBXBuildFile; fileRef = 6F1517CF25FFC6D800AD9354 /* AppDelegate.swift */; };
		6F1517D725FFC6D800AD9354 /* Main.storyboard in Resources */ = {isa = PBXBuildFile; fileRef = 6F1517D525FFC6D800AD9354 /* Main.storyboard */; };
		6F1517D925FFC6DB00AD9354 /* Assets.xcassets in Resources */ = {isa = PBXBuildFile; fileRef = 6F1517D825FFC6DB00AD9354 /* Assets.xcassets */; };
		6F1517DC25FFC6DB00AD9354 /* LaunchScreen.storyboard in Resources */ = {isa = PBXBuildFile; fileRef = 6F1517DA25FFC6DB00AD9354 /* LaunchScreen.storyboard */; };
		6F1517E725FFC6DB00AD9354 /* ios_marconi_appTests.swift in Sources */ = {isa = PBXBuildFile; fileRef = 6F1517E625FFC6DB00AD9354 /* ios_marconi_appTests.swift */; };
		6F3CAC1526011AF40058A72B /* Reusable.swift in Sources */ = {isa = PBXBuildFile; fileRef = 6F3CAC1426011AF40058A72B /* Reusable.swift */; };
		6F3CAC1826011AFF0058A72B /* ReusableCollectionView.swift in Sources */ = {isa = PBXBuildFile; fileRef = 6F3CAC1626011AFF0058A72B /* ReusableCollectionView.swift */; };
		6F3CAC1926011AFF0058A72B /* ReusableTableView.swift in Sources */ = {isa = PBXBuildFile; fileRef = 6F3CAC1726011AFF0058A72B /* ReusableTableView.swift */; };
		6F44B0FD260387D80047A3E5 /* ParameterEncoding.swift in Sources */ = {isa = PBXBuildFile; fileRef = 6F44B0F7260387C30047A3E5 /* ParameterEncoding.swift */; };
		6F44B0FE260387D80047A3E5 /* URLParameterEncoding.swift in Sources */ = {isa = PBXBuildFile; fileRef = 6F44B0F8260387C30047A3E5 /* URLParameterEncoding.swift */; };
		6F44B0FF260387D80047A3E5 /* JSONParameterEncoder.swift in Sources */ = {isa = PBXBuildFile; fileRef = 6F44B0F9260387C30047A3E5 /* JSONParameterEncoder.swift */; };
		6F44B100260387DB0047A3E5 /* StationProvider.swift in Sources */ = {isa = PBXBuildFile; fileRef = 6F44B0F2260387C30047A3E5 /* StationProvider.swift */; };
		6F44B101260387DE0047A3E5 /* StationApi.swift in Sources */ = {isa = PBXBuildFile; fileRef = 6F44B0F4260387C30047A3E5 /* StationApi.swift */; };
		6F44B102260387DE0047A3E5 /* NetworkConfig.swift in Sources */ = {isa = PBXBuildFile; fileRef = 6F44B0F5260387C30047A3E5 /* NetworkConfig.swift */; };
		6F44B103260387E10047A3E5 /* HTTPTask.swift in Sources */ = {isa = PBXBuildFile; fileRef = 6F44B0EC260387C30047A3E5 /* HTTPTask.swift */; };
		6F44B104260387E10047A3E5 /* HTTPMethod.swift in Sources */ = {isa = PBXBuildFile; fileRef = 6F44B0ED260387C30047A3E5 /* HTTPMethod.swift */; };
		6F44B105260387E10047A3E5 /* Router.swift in Sources */ = {isa = PBXBuildFile; fileRef = 6F44B0EE260387C30047A3E5 /* Router.swift */; };
		6F44B106260387E10047A3E5 /* EndPointType.swift in Sources */ = {isa = PBXBuildFile; fileRef = 6F44B0EF260387C30047A3E5 /* EndPointType.swift */; };
		6F44B107260387E60047A3E5 /* Validation.swift in Sources */ = {isa = PBXBuildFile; fileRef = 6F44B0FB260387C30047A3E5 /* Validation.swift */; };
		6F44B10B260388150047A3E5 /* Logger.swift in Sources */ = {isa = PBXBuildFile; fileRef = 6F44B10A260388100047A3E5 /* Logger.swift */; };
		6F44B10D26038C610047A3E5 /* FutureKit.framework in Frameworks */ = {isa = PBXBuildFile; fileRef = 6F44B10C26038C610047A3E5 /* FutureKit.framework */; };
		6F44B10E26038C610047A3E5 /* FutureKit.framework in Embed Frameworks */ = {isa = PBXBuildFile; fileRef = 6F44B10C26038C610047A3E5 /* FutureKit.framework */; settings = {ATTRIBUTES = (CodeSignOnCopy, RemoveHeadersOnCopy, ); }; };
		6F44B11426038E360047A3E5 /* Station.swift in Sources */ = {isa = PBXBuildFile; fileRef = 6F44B11326038E360047A3E5 /* Station.swift */; };
		6F44B1172603B0890047A3E5 /* ListViewController.swift in Sources */ = {isa = PBXBuildFile; fileRef = 6F44B1162603B0890047A3E5 /* ListViewController.swift */; };
		6F44B11A2603B0F20047A3E5 /* ListViewModelable.swift in Sources */ = {isa = PBXBuildFile; fileRef = 6F44B1192603B0F20047A3E5 /* ListViewModelable.swift */; };
		6F44B11C2603B9060047A3E5 /* ListViewModels.swift in Sources */ = {isa = PBXBuildFile; fileRef = 6F44B11B2603B9060047A3E5 /* ListViewModels.swift */; };
		6F44B11E2603C0C70047A3E5 /* LiveStationsViewController.swift in Sources */ = {isa = PBXBuildFile; fileRef = 6F44B11D2603C0C70047A3E5 /* LiveStationsViewController.swift */; };
		6F44B1222603C1B10047A3E5 /* StationTableViewCell.swift in Sources */ = {isa = PBXBuildFile; fileRef = 6F44B1202603C1B10047A3E5 /* StationTableViewCell.swift */; };
		6F44B1232603C1B10047A3E5 /* StationTableViewCell.xib in Resources */ = {isa = PBXBuildFile; fileRef = 6F44B1212603C1B10047A3E5 /* StationTableViewCell.xib */; };
		6F44B1252603C4EC0047A3E5 /* DigitalViewController.swift in Sources */ = {isa = PBXBuildFile; fileRef = 6F44B1242603C4EC0047A3E5 /* DigitalViewController.swift */; };
		6F46041226029326000E2BC3 /* ios_marconi_framework.framework in Frameworks */ = {isa = PBXBuildFile; fileRef = 6F46041126029326000E2BC3 /* ios_marconi_framework.framework */; };
		6F46041326029326000E2BC3 /* ios_marconi_framework.framework in Embed Frameworks */ = {isa = PBXBuildFile; fileRef = 6F46041126029326000E2BC3 /* ios_marconi_framework.framework */; settings = {ATTRIBUTES = (CodeSignOnCopy, RemoveHeadersOnCopy, ); }; };
		6F6E22132608A55F0057D41F /* Collections+SafeIndex.swift in Sources */ = {isa = PBXBuildFile; fileRef = 6F6E22122608A55F0057D41F /* Collections+SafeIndex.swift */; };
		6F6E22152608B5AE0057D41F /* MarconiPlayerController.swift in Sources */ = {isa = PBXBuildFile; fileRef = 6F6E22142608B5AE0057D41F /* MarconiPlayerController.swift */; };
		6F6E22182608BF510057D41F /* Containerable.swift in Sources */ = {isa = PBXBuildFile; fileRef = 6F6E22172608BF510057D41F /* Containerable.swift */; };
		6F6E221A2608DDB80057D41F /* URL+Extensions.swift in Sources */ = {isa = PBXBuildFile; fileRef = 6F6E22192608DDB80057D41F /* URL+Extensions.swift */; };
		6F9AF80E261DB4280034B8F0 /* MarconiSlider.swift in Sources */ = {isa = PBXBuildFile; fileRef = 6FF116BF260E370300CBCA9C /* MarconiSlider.swift */; };
		6F9AF811261DB8A50034B8F0 /* UIImage+SolidColor.swift in Sources */ = {isa = PBXBuildFile; fileRef = 6F9AF810261DB8A50034B8F0 /* UIImage+SolidColor.swift */; };
		6F9AF815261DEE900034B8F0 /* ApplicationStateListener.swift in Sources */ = {isa = PBXBuildFile; fileRef = 6F9AF813261DED530034B8F0 /* ApplicationStateListener.swift */; };
		6F9AF82B261DFC620034B8F0 /* Double+StringConverter.swift in Sources */ = {isa = PBXBuildFile; fileRef = 6F9AF82A261DFC620034B8F0 /* Double+StringConverter.swift */; };
		6FA3C254260B2DAA0095D6AB /* Errors.swift in Sources */ = {isa = PBXBuildFile; fileRef = 6FA3C253260B2DAA0095D6AB /* Errors.swift */; };
		6FA3C257260B38F90095D6AB /* ImageLoader.swift in Sources */ = {isa = PBXBuildFile; fileRef = 6FA3C256260B38F90095D6AB /* ImageLoader.swift */; };
		6FA3C25A260B39540095D6AB /* ImageCache.swift in Sources */ = {isa = PBXBuildFile; fileRef = 6FA3C259260B39540095D6AB /* ImageCache.swift */; };
		6FA3C25C260B58F80095D6AB /* Globals.swift in Sources */ = {isa = PBXBuildFile; fileRef = 6FA3C25B260B58F80095D6AB /* Globals.swift */; };
		6FA3C25F260BA84E0095D6AB /* MarconiImageView.swift in Sources */ = {isa = PBXBuildFile; fileRef = 6FA3C25E260BA84E0095D6AB /* MarconiImageView.swift */; };
		6FE9B897260A0C940023F68D /* PlayerStateViewController.swift in Sources */ = {isa = PBXBuildFile; fileRef = 6FE9B896260A0C940023F68D /* PlayerStateViewController.swift */; };
		6FE9B89A260A132D0023F68D /* NoPlayingItemView.swift in Sources */ = {isa = PBXBuildFile; fileRef = 6FE9B899260A132D0023F68D /* NoPlayingItemView.swift */; };
		6FE9B89D260A136C0023F68D /* NoPlayingItemView.xib in Resources */ = {isa = PBXBuildFile; fileRef = 6FE9B89C260A136C0023F68D /* NoPlayingItemView.xib */; };
		6FE9B8A0260A18FF0023F68D /* PlayingView.swift in Sources */ = {isa = PBXBuildFile; fileRef = 6FE9B89F260A18FF0023F68D /* PlayingView.swift */; };
		6FE9B8A2260A19170023F68D /* PlayingView.xib in Resources */ = {isa = PBXBuildFile; fileRef = 6FE9B8A1260A19170023F68D /* PlayingView.xib */; };
		6FE9B8A4260A466C0023F68D /* ImageApi.swift in Sources */ = {isa = PBXBuildFile; fileRef = 6FE9B8A3260A466C0023F68D /* ImageApi.swift */; };
		6FE9B8A6260A471F0023F68D /* ImageProvider.swift in Sources */ = {isa = PBXBuildFile; fileRef = 6FE9B8A5260A471F0023F68D /* ImageProvider.swift */; };
		6FEC7E9A2600DB0D00C55A2D /* NibLoadable.swift in Sources */ = {isa = PBXBuildFile; fileRef = 6FEC7E992600DB0D00C55A2D /* NibLoadable.swift */; };
		6FED1896261B1406000D5E27 /* SkipSongProvider.swift in Sources */ = {isa = PBXBuildFile; fileRef = 6FED1895261B1406000D5E27 /* SkipSongProvider.swift */; };
		6FED1898261B143D000D5E27 /* SkipSongApi.swift in Sources */ = {isa = PBXBuildFile; fileRef = 6FED1897261B143D000D5E27 /* SkipSongApi.swift */; };
		6FED189A261B1BB4000D5E27 /* SkipEntity.swift in Sources */ = {isa = PBXBuildFile; fileRef = 6FED1899261B1BB4000D5E27 /* SkipEntity.swift */; };
		6FF0EECA2614D4670023D2AD /* UserDefaults+StorageSettings.swift in Sources */ = {isa = PBXBuildFile; fileRef = 6FF0EEC92614D4670023D2AD /* UserDefaults+StorageSettings.swift */; };
		6FF2C78426139E8A00707126 /* DisplayItemNode.swift in Sources */ = {isa = PBXBuildFile; fileRef = 6FF2C78326139E8A00707126 /* DisplayItemNode.swift */; };
/* End PBXBuildFile section */

/* Begin PBXContainerItemProxy section */
		6F1517E325FFC6DB00AD9354 /* PBXContainerItemProxy */ = {
			isa = PBXContainerItemProxy;
			containerPortal = 6F1517C425FFC6D800AD9354 /* Project object */;
			proxyType = 1;
			remoteGlobalIDString = 6F1517CB25FFC6D800AD9354;
			remoteInfo = "ios-marconi-app";
		};
/* End PBXContainerItemProxy section */

/* Begin PBXCopyFilesBuildPhase section */
		6F46041426029326000E2BC3 /* Embed Frameworks */ = {
			isa = PBXCopyFilesBuildPhase;
			buildActionMask = 2147483647;
			dstPath = "";
			dstSubfolderSpec = 10;
			files = (
				6F44B10E26038C610047A3E5 /* FutureKit.framework in Embed Frameworks */,
				6F46041326029326000E2BC3 /* ios_marconi_framework.framework in Embed Frameworks */,
			);
			name = "Embed Frameworks";
			runOnlyForDeploymentPostprocessing = 0;
		};
/* End PBXCopyFilesBuildPhase section */

/* Begin PBXFileReference section */
		2ED3931EB7DDB41FFAD74885 /* Pods-ios-marconi-app.debug.xcconfig */ = {isa = PBXFileReference; includeInIndex = 1; lastKnownFileType = text.xcconfig; name = "Pods-ios-marconi-app.debug.xcconfig"; path = "Target Support Files/Pods-ios-marconi-app/Pods-ios-marconi-app.debug.xcconfig"; sourceTree = "<group>"; };
		6F08E9D32605048F003D0E07 /* MainViewController.swift */ = {isa = PBXFileReference; lastKnownFileType = sourcecode.swift; path = MainViewController.swift; sourceTree = "<group>"; };
		6F08E9D52605093E003D0E07 /* ViewModelOwnable.swift */ = {isa = PBXFileReference; lastKnownFileType = sourcecode.swift; path = ViewModelOwnable.swift; sourceTree = "<group>"; };
		6F1517CC25FFC6D800AD9354 /* ios-marconi-app.app */ = {isa = PBXFileReference; explicitFileType = wrapper.application; includeInIndex = 0; path = "ios-marconi-app.app"; sourceTree = BUILT_PRODUCTS_DIR; };
		6F1517CF25FFC6D800AD9354 /* AppDelegate.swift */ = {isa = PBXFileReference; lastKnownFileType = sourcecode.swift; path = AppDelegate.swift; sourceTree = "<group>"; };
		6F1517D625FFC6D800AD9354 /* Base */ = {isa = PBXFileReference; lastKnownFileType = file.storyboard; name = Base; path = Base.lproj/Main.storyboard; sourceTree = "<group>"; };
		6F1517D825FFC6DB00AD9354 /* Assets.xcassets */ = {isa = PBXFileReference; lastKnownFileType = folder.assetcatalog; path = Assets.xcassets; sourceTree = "<group>"; };
		6F1517DB25FFC6DB00AD9354 /* Base */ = {isa = PBXFileReference; lastKnownFileType = file.storyboard; name = Base; path = Base.lproj/LaunchScreen.storyboard; sourceTree = "<group>"; };
		6F1517DD25FFC6DB00AD9354 /* Info.plist */ = {isa = PBXFileReference; lastKnownFileType = text.plist.xml; path = Info.plist; sourceTree = "<group>"; };
		6F1517E225FFC6DB00AD9354 /* ios-marconi-appTests.xctest */ = {isa = PBXFileReference; explicitFileType = wrapper.cfbundle; includeInIndex = 0; path = "ios-marconi-appTests.xctest"; sourceTree = BUILT_PRODUCTS_DIR; };
		6F1517E625FFC6DB00AD9354 /* ios_marconi_appTests.swift */ = {isa = PBXFileReference; lastKnownFileType = sourcecode.swift; path = ios_marconi_appTests.swift; sourceTree = "<group>"; };
		6F1517E825FFC6DB00AD9354 /* Info.plist */ = {isa = PBXFileReference; lastKnownFileType = text.plist.xml; path = Info.plist; sourceTree = "<group>"; };
		6F3CAC1426011AF40058A72B /* Reusable.swift */ = {isa = PBXFileReference; fileEncoding = 4; lastKnownFileType = sourcecode.swift; path = Reusable.swift; sourceTree = "<group>"; };
		6F3CAC1626011AFF0058A72B /* ReusableCollectionView.swift */ = {isa = PBXFileReference; fileEncoding = 4; lastKnownFileType = sourcecode.swift; path = ReusableCollectionView.swift; sourceTree = "<group>"; };
		6F3CAC1726011AFF0058A72B /* ReusableTableView.swift */ = {isa = PBXFileReference; fileEncoding = 4; lastKnownFileType = sourcecode.swift; path = ReusableTableView.swift; sourceTree = "<group>"; };
		6F44B0EC260387C30047A3E5 /* HTTPTask.swift */ = {isa = PBXFileReference; lastKnownFileType = sourcecode.swift; path = HTTPTask.swift; sourceTree = "<group>"; };
		6F44B0ED260387C30047A3E5 /* HTTPMethod.swift */ = {isa = PBXFileReference; lastKnownFileType = sourcecode.swift; path = HTTPMethod.swift; sourceTree = "<group>"; };
		6F44B0EE260387C30047A3E5 /* Router.swift */ = {isa = PBXFileReference; lastKnownFileType = sourcecode.swift; path = Router.swift; sourceTree = "<group>"; };
		6F44B0EF260387C30047A3E5 /* EndPointType.swift */ = {isa = PBXFileReference; lastKnownFileType = sourcecode.swift; path = EndPointType.swift; sourceTree = "<group>"; };
		6F44B0F2260387C30047A3E5 /* StationProvider.swift */ = {isa = PBXFileReference; lastKnownFileType = sourcecode.swift; path = StationProvider.swift; sourceTree = "<group>"; };
		6F44B0F4260387C30047A3E5 /* StationApi.swift */ = {isa = PBXFileReference; lastKnownFileType = sourcecode.swift; path = StationApi.swift; sourceTree = "<group>"; };
		6F44B0F5260387C30047A3E5 /* NetworkConfig.swift */ = {isa = PBXFileReference; lastKnownFileType = sourcecode.swift; path = NetworkConfig.swift; sourceTree = "<group>"; };
		6F44B0F7260387C30047A3E5 /* ParameterEncoding.swift */ = {isa = PBXFileReference; lastKnownFileType = sourcecode.swift; path = ParameterEncoding.swift; sourceTree = "<group>"; };
		6F44B0F8260387C30047A3E5 /* URLParameterEncoding.swift */ = {isa = PBXFileReference; lastKnownFileType = sourcecode.swift; path = URLParameterEncoding.swift; sourceTree = "<group>"; };
		6F44B0F9260387C30047A3E5 /* JSONParameterEncoder.swift */ = {isa = PBXFileReference; lastKnownFileType = sourcecode.swift; path = JSONParameterEncoder.swift; sourceTree = "<group>"; };
		6F44B0FB260387C30047A3E5 /* Validation.swift */ = {isa = PBXFileReference; lastKnownFileType = sourcecode.swift; path = Validation.swift; sourceTree = "<group>"; };
		6F44B10A260388100047A3E5 /* Logger.swift */ = {isa = PBXFileReference; lastKnownFileType = sourcecode.swift; path = Logger.swift; sourceTree = "<group>"; };
		6F44B10C26038C610047A3E5 /* FutureKit.framework */ = {isa = PBXFileReference; explicitFileType = wrapper.framework; path = FutureKit.framework; sourceTree = BUILT_PRODUCTS_DIR; };
		6F44B11326038E360047A3E5 /* Station.swift */ = {isa = PBXFileReference; lastKnownFileType = sourcecode.swift; path = Station.swift; sourceTree = "<group>"; };
		6F44B1162603B0890047A3E5 /* ListViewController.swift */ = {isa = PBXFileReference; lastKnownFileType = sourcecode.swift; path = ListViewController.swift; sourceTree = "<group>"; };
		6F44B1192603B0F20047A3E5 /* ListViewModelable.swift */ = {isa = PBXFileReference; lastKnownFileType = sourcecode.swift; path = ListViewModelable.swift; sourceTree = "<group>"; };
		6F44B11B2603B9060047A3E5 /* ListViewModels.swift */ = {isa = PBXFileReference; lastKnownFileType = sourcecode.swift; path = ListViewModels.swift; sourceTree = "<group>"; };
		6F44B11D2603C0C70047A3E5 /* LiveStationsViewController.swift */ = {isa = PBXFileReference; lastKnownFileType = sourcecode.swift; path = LiveStationsViewController.swift; sourceTree = "<group>"; };
		6F44B1202603C1B10047A3E5 /* StationTableViewCell.swift */ = {isa = PBXFileReference; lastKnownFileType = sourcecode.swift; path = StationTableViewCell.swift; sourceTree = "<group>"; };
		6F44B1212603C1B10047A3E5 /* StationTableViewCell.xib */ = {isa = PBXFileReference; lastKnownFileType = file.xib; path = StationTableViewCell.xib; sourceTree = "<group>"; };
		6F44B1242603C4EC0047A3E5 /* DigitalViewController.swift */ = {isa = PBXFileReference; lastKnownFileType = sourcecode.swift; path = DigitalViewController.swift; sourceTree = "<group>"; };
		6F46041126029326000E2BC3 /* ios_marconi_framework.framework */ = {isa = PBXFileReference; explicitFileType = wrapper.framework; path = ios_marconi_framework.framework; sourceTree = BUILT_PRODUCTS_DIR; };
		6F6E22122608A55F0057D41F /* Collections+SafeIndex.swift */ = {isa = PBXFileReference; lastKnownFileType = sourcecode.swift; path = "Collections+SafeIndex.swift"; sourceTree = "<group>"; };
		6F6E22142608B5AE0057D41F /* MarconiPlayerController.swift */ = {isa = PBXFileReference; lastKnownFileType = sourcecode.swift; path = MarconiPlayerController.swift; sourceTree = "<group>"; };
		6F6E22172608BF510057D41F /* Containerable.swift */ = {isa = PBXFileReference; lastKnownFileType = sourcecode.swift; path = Containerable.swift; sourceTree = "<group>"; };
		6F6E22192608DDB80057D41F /* URL+Extensions.swift */ = {isa = PBXFileReference; lastKnownFileType = sourcecode.swift; path = "URL+Extensions.swift"; sourceTree = "<group>"; };
		6F9AF810261DB8A50034B8F0 /* UIImage+SolidColor.swift */ = {isa = PBXFileReference; lastKnownFileType = sourcecode.swift; path = "UIImage+SolidColor.swift"; sourceTree = "<group>"; };
		6F9AF813261DED530034B8F0 /* ApplicationStateListener.swift */ = {isa = PBXFileReference; lastKnownFileType = sourcecode.swift; path = ApplicationStateListener.swift; sourceTree = "<group>"; };
		6F9AF82A261DFC620034B8F0 /* Double+StringConverter.swift */ = {isa = PBXFileReference; lastKnownFileType = sourcecode.swift; path = "Double+StringConverter.swift"; sourceTree = "<group>"; };
		6FA3C253260B2DAA0095D6AB /* Errors.swift */ = {isa = PBXFileReference; lastKnownFileType = sourcecode.swift; path = Errors.swift; sourceTree = "<group>"; };
		6FA3C256260B38F90095D6AB /* ImageLoader.swift */ = {isa = PBXFileReference; lastKnownFileType = sourcecode.swift; path = ImageLoader.swift; sourceTree = "<group>"; };
		6FA3C259260B39540095D6AB /* ImageCache.swift */ = {isa = PBXFileReference; lastKnownFileType = sourcecode.swift; path = ImageCache.swift; sourceTree = "<group>"; };
		6FA3C25B260B58F80095D6AB /* Globals.swift */ = {isa = PBXFileReference; lastKnownFileType = sourcecode.swift; path = Globals.swift; sourceTree = "<group>"; };
		6FA3C25E260BA84E0095D6AB /* MarconiImageView.swift */ = {isa = PBXFileReference; lastKnownFileType = sourcecode.swift; path = MarconiImageView.swift; sourceTree = "<group>"; };
		6FE9B896260A0C940023F68D /* PlayerStateViewController.swift */ = {isa = PBXFileReference; lastKnownFileType = sourcecode.swift; path = PlayerStateViewController.swift; sourceTree = "<group>"; };
		6FE9B899260A132D0023F68D /* NoPlayingItemView.swift */ = {isa = PBXFileReference; lastKnownFileType = sourcecode.swift; path = NoPlayingItemView.swift; sourceTree = "<group>"; };
		6FE9B89C260A136C0023F68D /* NoPlayingItemView.xib */ = {isa = PBXFileReference; lastKnownFileType = file.xib; path = NoPlayingItemView.xib; sourceTree = "<group>"; };
		6FE9B89F260A18FF0023F68D /* PlayingView.swift */ = {isa = PBXFileReference; lastKnownFileType = sourcecode.swift; path = PlayingView.swift; sourceTree = "<group>"; };
		6FE9B8A1260A19170023F68D /* PlayingView.xib */ = {isa = PBXFileReference; lastKnownFileType = file.xib; path = PlayingView.xib; sourceTree = "<group>"; };
		6FE9B8A3260A466C0023F68D /* ImageApi.swift */ = {isa = PBXFileReference; lastKnownFileType = sourcecode.swift; path = ImageApi.swift; sourceTree = "<group>"; };
		6FE9B8A5260A471F0023F68D /* ImageProvider.swift */ = {isa = PBXFileReference; lastKnownFileType = sourcecode.swift; path = ImageProvider.swift; sourceTree = "<group>"; };
		6FEC7E992600DB0D00C55A2D /* NibLoadable.swift */ = {isa = PBXFileReference; lastKnownFileType = sourcecode.swift; path = NibLoadable.swift; sourceTree = "<group>"; };
		6FED1895261B1406000D5E27 /* SkipSongProvider.swift */ = {isa = PBXFileReference; lastKnownFileType = sourcecode.swift; path = SkipSongProvider.swift; sourceTree = "<group>"; };
		6FED1897261B143D000D5E27 /* SkipSongApi.swift */ = {isa = PBXFileReference; lastKnownFileType = sourcecode.swift; path = SkipSongApi.swift; sourceTree = "<group>"; };
		6FED1899261B1BB4000D5E27 /* SkipEntity.swift */ = {isa = PBXFileReference; lastKnownFileType = sourcecode.swift; path = SkipEntity.swift; sourceTree = "<group>"; };
		6FF0EEC92614D4670023D2AD /* UserDefaults+StorageSettings.swift */ = {isa = PBXFileReference; lastKnownFileType = sourcecode.swift; path = "UserDefaults+StorageSettings.swift"; sourceTree = "<group>"; };
		6FF116BF260E370300CBCA9C /* MarconiSlider.swift */ = {isa = PBXFileReference; fileEncoding = 4; lastKnownFileType = sourcecode.swift; path = MarconiSlider.swift; sourceTree = "<group>"; };
		6FF2C78326139E8A00707126 /* DisplayItemNode.swift */ = {isa = PBXFileReference; lastKnownFileType = sourcecode.swift; path = DisplayItemNode.swift; sourceTree = "<group>"; };
		D8D8FB7978952A9704B8DFA8 /* Pods-ios-marconi-app.release.xcconfig */ = {isa = PBXFileReference; includeInIndex = 1; lastKnownFileType = text.xcconfig; name = "Pods-ios-marconi-app.release.xcconfig"; path = "Target Support Files/Pods-ios-marconi-app/Pods-ios-marconi-app.release.xcconfig"; sourceTree = "<group>"; };
		E08A428D6213F00E85FCFC05 /* Pods_ios_marconi_app.framework */ = {isa = PBXFileReference; explicitFileType = wrapper.framework; includeInIndex = 0; path = Pods_ios_marconi_app.framework; sourceTree = BUILT_PRODUCTS_DIR; };
/* End PBXFileReference section */

/* Begin PBXFrameworksBuildPhase section */
		6F1517C925FFC6D800AD9354 /* Frameworks */ = {
			isa = PBXFrameworksBuildPhase;
			buildActionMask = 2147483647;
			files = (
				6F44B10D26038C610047A3E5 /* FutureKit.framework in Frameworks */,
				6F46041226029326000E2BC3 /* ios_marconi_framework.framework in Frameworks */,
				5D5736EE7E203CB28056DD20 /* Pods_ios_marconi_app.framework in Frameworks */,
			);
			runOnlyForDeploymentPostprocessing = 0;
		};
		6F1517DF25FFC6DB00AD9354 /* Frameworks */ = {
			isa = PBXFrameworksBuildPhase;
			buildActionMask = 2147483647;
			files = (
			);
			runOnlyForDeploymentPostprocessing = 0;
		};
/* End PBXFrameworksBuildPhase section */

/* Begin PBXGroup section */
		6F1517C325FFC6D800AD9354 = {
			isa = PBXGroup;
			children = (
				6F1517CE25FFC6D800AD9354 /* ios-marconi-app */,
				6F1517E525FFC6DB00AD9354 /* ios-marconi-appTests */,
				6F1517CD25FFC6D800AD9354 /* Products */,
				6F46041026029326000E2BC3 /* Frameworks */,
				C13276B8C996CB9794C642EE /* Pods */,
			);
			sourceTree = "<group>";
		};
		6F1517CD25FFC6D800AD9354 /* Products */ = {
			isa = PBXGroup;
			children = (
				6F1517CC25FFC6D800AD9354 /* ios-marconi-app.app */,
				6F1517E225FFC6DB00AD9354 /* ios-marconi-appTests.xctest */,
			);
			name = Products;
			sourceTree = "<group>";
		};
		6F1517CE25FFC6D800AD9354 /* ios-marconi-app */ = {
			isa = PBXGroup;
			children = (
				6FF0EEC82614D4570023D2AD /* Storage */,
				6FA3C252260B2D990095D6AB /* Errors */,
				6F44B1182603B0DE0047A3E5 /* ViewModels */,
				6F44B109260388030047A3E5 /* Logger */,
				6F44B0EA2603876A0047A3E5 /* NetwokingLayer */,
				6F3CAC082601006C0058A72B /* UI */,
				6F1517CF25FFC6D800AD9354 /* AppDelegate.swift */,
				6F1517D525FFC6D800AD9354 /* Main.storyboard */,
				6F1517D825FFC6DB00AD9354 /* Assets.xcassets */,
				6F1517DA25FFC6DB00AD9354 /* LaunchScreen.storyboard */,
				6F1517DD25FFC6DB00AD9354 /* Info.plist */,
				6FA3C25B260B58F80095D6AB /* Globals.swift */,
				6F9AF813261DED530034B8F0 /* ApplicationStateListener.swift */,
			);
			path = "ios-marconi-app";
			sourceTree = "<group>";
		};
		6F1517E525FFC6DB00AD9354 /* ios-marconi-appTests */ = {
			isa = PBXGroup;
			children = (
				6F1517E625FFC6DB00AD9354 /* ios_marconi_appTests.swift */,
				6F1517E825FFC6DB00AD9354 /* Info.plist */,
			);
			path = "ios-marconi-appTests";
			sourceTree = "<group>";
		};
		6F3CAC082601006C0058A72B /* UI */ = {
			isa = PBXGroup;
			children = (
				6FF2C7792613648600707126 /* DisplayNodes */,
				6FE9B898260A12F10023F68D /* UIViews */,
				6F44B11F2603C1790047A3E5 /* TableViewCells */,
				6F44B1152603AFFB0047A3E5 /* ViewControllers */,
				6FEC7E982600DAF700C55A2D /* Extensions */,
			);
			path = UI;
			sourceTree = "<group>";
		};
		6F3CAC1326011ACF0058A72B /* Reusable */ = {
			isa = PBXGroup;
			children = (
				6FEC7E992600DB0D00C55A2D /* NibLoadable.swift */,
				6F3CAC1626011AFF0058A72B /* ReusableCollectionView.swift */,
				6F3CAC1726011AFF0058A72B /* ReusableTableView.swift */,
				6F3CAC1426011AF40058A72B /* Reusable.swift */,
			);
			path = Reusable;
			sourceTree = "<group>";
		};
		6F44B0EA2603876A0047A3E5 /* NetwokingLayer */ = {
			isa = PBXGroup;
			children = (
				6FA3C255260B38DA0095D6AB /* ImageCaching */,
				6F44B11226038DF80047A3E5 /* Entities */,
				6F44B0F6260387C30047A3E5 /* Encoding */,
				6F44B0F0260387C30047A3E5 /* Providers */,
				6F44B0EB260387C30047A3E5 /* Service */,
				6F44B0FA260387C30047A3E5 /* Supplementary */,
			);
			path = NetwokingLayer;
			sourceTree = "<group>";
		};
		6F44B0EB260387C30047A3E5 /* Service */ = {
			isa = PBXGroup;
			children = (
				6F44B0EC260387C30047A3E5 /* HTTPTask.swift */,
				6F44B0ED260387C30047A3E5 /* HTTPMethod.swift */,
				6F44B0EE260387C30047A3E5 /* Router.swift */,
				6F44B0EF260387C30047A3E5 /* EndPointType.swift */,
			);
			path = Service;
			sourceTree = "<group>";
		};
		6F44B0F0260387C30047A3E5 /* Providers */ = {
			isa = PBXGroup;
			children = (
				6F44B0F1260387C30047A3E5 /* DataProviders */,
				6F44B0F3260387C30047A3E5 /* Routes */,
				6F44B0F5260387C30047A3E5 /* NetworkConfig.swift */,
			);
			path = Providers;
			sourceTree = "<group>";
		};
		6F44B0F1260387C30047A3E5 /* DataProviders */ = {
			isa = PBXGroup;
			children = (
				6F44B0F2260387C30047A3E5 /* StationProvider.swift */,
				6FE9B8A5260A471F0023F68D /* ImageProvider.swift */,
				6FED1895261B1406000D5E27 /* SkipSongProvider.swift */,
			);
			path = DataProviders;
			sourceTree = "<group>";
		};
		6F44B0F3260387C30047A3E5 /* Routes */ = {
			isa = PBXGroup;
			children = (
				6F44B0F4260387C30047A3E5 /* StationApi.swift */,
				6FE9B8A3260A466C0023F68D /* ImageApi.swift */,
				6FED1897261B143D000D5E27 /* SkipSongApi.swift */,
			);
			path = Routes;
			sourceTree = "<group>";
		};
		6F44B0F6260387C30047A3E5 /* Encoding */ = {
			isa = PBXGroup;
			children = (
				6F44B0F7260387C30047A3E5 /* ParameterEncoding.swift */,
				6F44B0F8260387C30047A3E5 /* URLParameterEncoding.swift */,
				6F44B0F9260387C30047A3E5 /* JSONParameterEncoder.swift */,
			);
			path = Encoding;
			sourceTree = "<group>";
		};
		6F44B0FA260387C30047A3E5 /* Supplementary */ = {
			isa = PBXGroup;
			children = (
				6F44B0FB260387C30047A3E5 /* Validation.swift */,
			);
			path = Supplementary;
			sourceTree = "<group>";
		};
		6F44B109260388030047A3E5 /* Logger */ = {
			isa = PBXGroup;
			children = (
				6F44B10A260388100047A3E5 /* Logger.swift */,
			);
			path = Logger;
			sourceTree = "<group>";
		};
		6F44B11226038DF80047A3E5 /* Entities */ = {
			isa = PBXGroup;
			children = (
				6F44B11326038E360047A3E5 /* Station.swift */,
				6FED1899261B1BB4000D5E27 /* SkipEntity.swift */,
			);
			path = Entities;
			sourceTree = "<group>";
		};
		6F44B1152603AFFB0047A3E5 /* ViewControllers */ = {
			isa = PBXGroup;
			children = (
				6F6E22142608B5AE0057D41F /* MarconiPlayerController.swift */,
				6F08E9D32605048F003D0E07 /* MainViewController.swift */,
				6F44B1162603B0890047A3E5 /* ListViewController.swift */,
				6F44B11D2603C0C70047A3E5 /* LiveStationsViewController.swift */,
				6F44B1242603C4EC0047A3E5 /* DigitalViewController.swift */,
				6FE9B896260A0C940023F68D /* PlayerStateViewController.swift */,
			);
			path = ViewControllers;
			sourceTree = "<group>";
		};
		6F44B1182603B0DE0047A3E5 /* ViewModels */ = {
			isa = PBXGroup;
			children = (
				6F44B1192603B0F20047A3E5 /* ListViewModelable.swift */,
				6F44B11B2603B9060047A3E5 /* ListViewModels.swift */,
				6F08E9D52605093E003D0E07 /* ViewModelOwnable.swift */,
			);
			path = ViewModels;
			sourceTree = "<group>";
		};
		6F44B11F2603C1790047A3E5 /* TableViewCells */ = {
			isa = PBXGroup;
			children = (
				6F44B1202603C1B10047A3E5 /* StationTableViewCell.swift */,
				6F44B1212603C1B10047A3E5 /* StationTableViewCell.xib */,
			);
			path = TableViewCells;
			sourceTree = "<group>";
		};
		6F46041026029326000E2BC3 /* Frameworks */ = {
			isa = PBXGroup;
			children = (
				6F44B10C26038C610047A3E5 /* FutureKit.framework */,
				6F46041126029326000E2BC3 /* ios_marconi_framework.framework */,
				E08A428D6213F00E85FCFC05 /* Pods_ios_marconi_app.framework */,
			);
			name = Frameworks;
			sourceTree = "<group>";
		};
		6F6E22112608A53D0057D41F /* Collections */ = {
			isa = PBXGroup;
			children = (
				6F6E22122608A55F0057D41F /* Collections+SafeIndex.swift */,
			);
			path = Collections;
			sourceTree = "<group>";
		};
		6F6E22162608BF270057D41F /* UIViewControllers */ = {
			isa = PBXGroup;
			children = (
				6F6E22172608BF510057D41F /* Containerable.swift */,
			);
			path = UIViewControllers;
			sourceTree = "<group>";
		};
		6F6E221B2608EB710057D41F /* URL+Extensions */ = {
			isa = PBXGroup;
			children = (
				6F6E22192608DDB80057D41F /* URL+Extensions.swift */,
			);
			path = "URL+Extensions";
			sourceTree = "<group>";
		};
		6F9AF80F261DB88B0034B8F0 /* UIImage+SolidColor */ = {
			isa = PBXGroup;
			children = (
				6F9AF810261DB8A50034B8F0 /* UIImage+SolidColor.swift */,
			);
			path = "UIImage+SolidColor";
			sourceTree = "<group>";
		};
		6F9AF829261DFC2D0034B8F0 /* Double+StringConverter */ = {
			isa = PBXGroup;
			children = (
				6F9AF82A261DFC620034B8F0 /* Double+StringConverter.swift */,
			);
			path = "Double+StringConverter";
			sourceTree = "<group>";
		};
		6FA3C252260B2D990095D6AB /* Errors */ = {
			isa = PBXGroup;
			children = (
				6FA3C253260B2DAA0095D6AB /* Errors.swift */,
			);
			path = Errors;
			sourceTree = "<group>";
		};
		6FA3C255260B38DA0095D6AB /* ImageCaching */ = {
			isa = PBXGroup;
			children = (
				6FA3C256260B38F90095D6AB /* ImageLoader.swift */,
				6FA3C259260B39540095D6AB /* ImageCache.swift */,
			);
			path = ImageCaching;
			sourceTree = "<group>";
		};
		6FA3C25D260BA8100095D6AB /* MarconiImageView */ = {
			isa = PBXGroup;
			children = (
				6FA3C25E260BA84E0095D6AB /* MarconiImageView.swift */,
			);
			path = MarconiImageView;
			sourceTree = "<group>";
		};
		6FE9B898260A12F10023F68D /* UIViews */ = {
			isa = PBXGroup;
			children = (
				6FF116BE260E36EF00CBCA9C /* MarconiSlider */,
				6FA3C25D260BA8100095D6AB /* MarconiImageView */,
				6FE9B89E260A18EB0023F68D /* PlayingView */,
				6FE9B89B260A13570023F68D /* NoPlayingItemView */,
			);
			path = UIViews;
			sourceTree = "<group>";
		};
		6FE9B89B260A13570023F68D /* NoPlayingItemView */ = {
			isa = PBXGroup;
			children = (
				6FE9B899260A132D0023F68D /* NoPlayingItemView.swift */,
				6FE9B89C260A136C0023F68D /* NoPlayingItemView.xib */,
			);
			path = NoPlayingItemView;
			sourceTree = "<group>";
		};
		6FE9B89E260A18EB0023F68D /* PlayingView */ = {
			isa = PBXGroup;
			children = (
				6FE9B89F260A18FF0023F68D /* PlayingView.swift */,
				6FE9B8A1260A19170023F68D /* PlayingView.xib */,
			);
			path = PlayingView;
			sourceTree = "<group>";
		};
		6FEC7E982600DAF700C55A2D /* Extensions */ = {
			isa = PBXGroup;
			children = (
				6F9AF829261DFC2D0034B8F0 /* Double+StringConverter */,
				6F9AF80F261DB88B0034B8F0 /* UIImage+SolidColor */,
				6F6E221B2608EB710057D41F /* URL+Extensions */,
				6F6E22162608BF270057D41F /* UIViewControllers */,
				6F6E22112608A53D0057D41F /* Collections */,
				6F3CAC1326011ACF0058A72B /* Reusable */,
			);
			path = Extensions;
			sourceTree = "<group>";
		};
		6FF0EEC82614D4570023D2AD /* Storage */ = {
			isa = PBXGroup;
			children = (
				6FF0EEC92614D4670023D2AD /* UserDefaults+StorageSettings.swift */,
			);
			path = Storage;
			sourceTree = "<group>";
		};
		6FF116BE260E36EF00CBCA9C /* MarconiSlider */ = {
			isa = PBXGroup;
			children = (
				6FF116BF260E370300CBCA9C /* MarconiSlider.swift */,
			);
			path = MarconiSlider;
			sourceTree = "<group>";
		};
		6FF2C7792613648600707126 /* DisplayNodes */ = {
			isa = PBXGroup;
			children = (
				6FF2C78326139E8A00707126 /* DisplayItemNode.swift */,
			);
			path = DisplayNodes;
			sourceTree = "<group>";
		};
		C13276B8C996CB9794C642EE /* Pods */ = {
			isa = PBXGroup;
			children = (
				2ED3931EB7DDB41FFAD74885 /* Pods-ios-marconi-app.debug.xcconfig */,
				D8D8FB7978952A9704B8DFA8 /* Pods-ios-marconi-app.release.xcconfig */,
			);
			name = Pods;
			path = ../Pods;
			sourceTree = "<group>";
		};
/* End PBXGroup section */

/* Begin PBXNativeTarget section */
		6F1517CB25FFC6D800AD9354 /* ios-marconi-app */ = {
			isa = PBXNativeTarget;
			buildConfigurationList = 6F1517EB25FFC6DB00AD9354 /* Build configuration list for PBXNativeTarget "ios-marconi-app" */;
			buildPhases = (
				477F861D2E61A76E6E7655E7 /* [CP] Check Pods Manifest.lock */,
				6F1517C825FFC6D800AD9354 /* Sources */,
				6F1517C925FFC6D800AD9354 /* Frameworks */,
				6F1517CA25FFC6D800AD9354 /* Resources */,
				6F46041426029326000E2BC3 /* Embed Frameworks */,
				329396D8593D10CA8BD834DE /* [CP] Embed Pods Frameworks */,
			);
			buildRules = (
			);
			dependencies = (
			);
			name = "ios-marconi-app";
			productName = "ios-marconi-app";
			productReference = 6F1517CC25FFC6D800AD9354 /* ios-marconi-app.app */;
			productType = "com.apple.product-type.application";
		};
		6F1517E125FFC6DB00AD9354 /* ios-marconi-appTests */ = {
			isa = PBXNativeTarget;
			buildConfigurationList = 6F1517EE25FFC6DB00AD9354 /* Build configuration list for PBXNativeTarget "ios-marconi-appTests" */;
			buildPhases = (
				6F1517DE25FFC6DB00AD9354 /* Sources */,
				6F1517DF25FFC6DB00AD9354 /* Frameworks */,
				6F1517E025FFC6DB00AD9354 /* Resources */,
			);
			buildRules = (
			);
			dependencies = (
				6F1517E425FFC6DB00AD9354 /* PBXTargetDependency */,
			);
			name = "ios-marconi-appTests";
			productName = "ios-marconi-appTests";
			productReference = 6F1517E225FFC6DB00AD9354 /* ios-marconi-appTests.xctest */;
			productType = "com.apple.product-type.bundle.unit-test";
		};
/* End PBXNativeTarget section */

/* Begin PBXProject section */
		6F1517C425FFC6D800AD9354 /* Project object */ = {
			isa = PBXProject;
			attributes = {
				LastSwiftUpdateCheck = 1170;
				LastUpgradeCheck = 1170;
				ORGANIZATIONNAME = "Roman Vovk";
				TargetAttributes = {
					6F1517CB25FFC6D800AD9354 = {
						CreatedOnToolsVersion = 11.7;
					};
					6F1517E125FFC6DB00AD9354 = {
						CreatedOnToolsVersion = 11.7;
						TestTargetID = 6F1517CB25FFC6D800AD9354;
					};
				};
			};
			buildConfigurationList = 6F1517C725FFC6D800AD9354 /* Build configuration list for PBXProject "ios-marconi-app" */;
			compatibilityVersion = "Xcode 9.3";
			developmentRegion = en;
			hasScannedForEncodings = 0;
			knownRegions = (
				en,
				Base,
			);
			mainGroup = 6F1517C325FFC6D800AD9354;
			productRefGroup = 6F1517CD25FFC6D800AD9354 /* Products */;
			projectDirPath = "";
			projectRoot = "";
			targets = (
				6F1517CB25FFC6D800AD9354 /* ios-marconi-app */,
				6F1517E125FFC6DB00AD9354 /* ios-marconi-appTests */,
			);
		};
/* End PBXProject section */

/* Begin PBXResourcesBuildPhase section */
		6F1517CA25FFC6D800AD9354 /* Resources */ = {
			isa = PBXResourcesBuildPhase;
			buildActionMask = 2147483647;
			files = (
				6F1517DC25FFC6DB00AD9354 /* LaunchScreen.storyboard in Resources */,
				6FE9B89D260A136C0023F68D /* NoPlayingItemView.xib in Resources */,
				6F1517D925FFC6DB00AD9354 /* Assets.xcassets in Resources */,
				6F44B1232603C1B10047A3E5 /* StationTableViewCell.xib in Resources */,
				6FE9B8A2260A19170023F68D /* PlayingView.xib in Resources */,
				6F1517D725FFC6D800AD9354 /* Main.storyboard in Resources */,
			);
			runOnlyForDeploymentPostprocessing = 0;
		};
		6F1517E025FFC6DB00AD9354 /* Resources */ = {
			isa = PBXResourcesBuildPhase;
			buildActionMask = 2147483647;
			files = (
			);
			runOnlyForDeploymentPostprocessing = 0;
		};
/* End PBXResourcesBuildPhase section */

/* Begin PBXShellScriptBuildPhase section */
		329396D8593D10CA8BD834DE /* [CP] Embed Pods Frameworks */ = {
			isa = PBXShellScriptBuildPhase;
			buildActionMask = 2147483647;
			files = (
			);
			inputFileListPaths = (
				"${PODS_ROOT}/Target Support Files/Pods-ios-marconi-app/Pods-ios-marconi-app-frameworks-${CONFIGURATION}-input-files.xcfilelist",
			);
			name = "[CP] Embed Pods Frameworks";
			outputFileListPaths = (
				"${PODS_ROOT}/Target Support Files/Pods-ios-marconi-app/Pods-ios-marconi-app-frameworks-${CONFIGURATION}-output-files.xcfilelist",
			);
			runOnlyForDeploymentPostprocessing = 0;
			shellPath = /bin/sh;
			shellScript = "\"${PODS_ROOT}/Target Support Files/Pods-ios-marconi-app/Pods-ios-marconi-app-frameworks.sh\"\n";
			showEnvVarsInLog = 0;
		};
		477F861D2E61A76E6E7655E7 /* [CP] Check Pods Manifest.lock */ = {
			isa = PBXShellScriptBuildPhase;
			buildActionMask = 2147483647;
			files = (
			);
			inputFileListPaths = (
			);
			inputPaths = (
				"${PODS_PODFILE_DIR_PATH}/Podfile.lock",
				"${PODS_ROOT}/Manifest.lock",
			);
			name = "[CP] Check Pods Manifest.lock";
			outputFileListPaths = (
			);
			outputPaths = (
				"$(DERIVED_FILE_DIR)/Pods-ios-marconi-app-checkManifestLockResult.txt",
			);
			runOnlyForDeploymentPostprocessing = 0;
			shellPath = /bin/sh;
			shellScript = "diff \"${PODS_PODFILE_DIR_PATH}/Podfile.lock\" \"${PODS_ROOT}/Manifest.lock\" > /dev/null\nif [ $? != 0 ] ; then\n    # print error to STDERR\n    echo \"error: The sandbox is not in sync with the Podfile.lock. Run 'pod install' or update your CocoaPods installation.\" >&2\n    exit 1\nfi\n# This output is used by Xcode 'outputs' to avoid re-running this script phase.\necho \"SUCCESS\" > \"${SCRIPT_OUTPUT_FILE_0}\"\n";
			showEnvVarsInLog = 0;
		};
/* End PBXShellScriptBuildPhase section */

/* Begin PBXSourcesBuildPhase section */
		6F1517C825FFC6D800AD9354 /* Sources */ = {
			isa = PBXSourcesBuildPhase;
			buildActionMask = 2147483647;
			files = (
				6F9AF80E261DB4280034B8F0 /* MarconiSlider.swift in Sources */,
				6F44B10B260388150047A3E5 /* Logger.swift in Sources */,
				6F08E9D42605048F003D0E07 /* MainViewController.swift in Sources */,
				6FA3C25F260BA84E0095D6AB /* MarconiImageView.swift in Sources */,
				6F44B106260387E10047A3E5 /* EndPointType.swift in Sources */,
				6F44B1222603C1B10047A3E5 /* StationTableViewCell.swift in Sources */,
				6F44B0FE260387D80047A3E5 /* URLParameterEncoding.swift in Sources */,
				6F44B0FD260387D80047A3E5 /* ParameterEncoding.swift in Sources */,
				6F44B104260387E10047A3E5 /* HTTPMethod.swift in Sources */,
				6F6E22132608A55F0057D41F /* Collections+SafeIndex.swift in Sources */,
				6FE9B8A6260A471F0023F68D /* ImageProvider.swift in Sources */,
				6F9AF811261DB8A50034B8F0 /* UIImage+SolidColor.swift in Sources */,
				6F44B102260387DE0047A3E5 /* NetworkConfig.swift in Sources */,
				6FED1898261B143D000D5E27 /* SkipSongApi.swift in Sources */,
				6F44B11426038E360047A3E5 /* Station.swift in Sources */,
				6FEC7E9A2600DB0D00C55A2D /* NibLoadable.swift in Sources */,
				6F3CAC1526011AF40058A72B /* Reusable.swift in Sources */,
				6F44B11C2603B9060047A3E5 /* ListViewModels.swift in Sources */,
				6FE9B8A0260A18FF0023F68D /* PlayingView.swift in Sources */,
				6FE9B89A260A132D0023F68D /* NoPlayingItemView.swift in Sources */,
				6F44B103260387E10047A3E5 /* HTTPTask.swift in Sources */,
				6F44B11A2603B0F20047A3E5 /* ListViewModelable.swift in Sources */,
				6F44B105260387E10047A3E5 /* Router.swift in Sources */,
				6FF2C78426139E8A00707126 /* DisplayItemNode.swift in Sources */,
				6FE9B8A4260A466C0023F68D /* ImageApi.swift in Sources */,
				6F44B107260387E60047A3E5 /* Validation.swift in Sources */,
				6F6E22152608B5AE0057D41F /* MarconiPlayerController.swift in Sources */,
				6F3CAC1826011AFF0058A72B /* ReusableCollectionView.swift in Sources */,
				6F08E9D62605093E003D0E07 /* ViewModelOwnable.swift in Sources */,
				6F44B101260387DE0047A3E5 /* StationApi.swift in Sources */,
				6F9AF82B261DFC620034B8F0 /* Double+StringConverter.swift in Sources */,
				6FA3C254260B2DAA0095D6AB /* Errors.swift in Sources */,
				6FF0EECA2614D4670023D2AD /* UserDefaults+StorageSettings.swift in Sources */,
				6FA3C25A260B39540095D6AB /* ImageCache.swift in Sources */,
				6FA3C25C260B58F80095D6AB /* Globals.swift in Sources */,
				6F44B0FF260387D80047A3E5 /* JSONParameterEncoder.swift in Sources */,
				6FA3C257260B38F90095D6AB /* ImageLoader.swift in Sources */,
				6F9AF815261DEE900034B8F0 /* ApplicationStateListener.swift in Sources */,
				6FED1896261B1406000D5E27 /* SkipSongProvider.swift in Sources */,
				6F44B1252603C4EC0047A3E5 /* DigitalViewController.swift in Sources */,
				6F3CAC1926011AFF0058A72B /* ReusableTableView.swift in Sources */,
				6F6E221A2608DDB80057D41F /* URL+Extensions.swift in Sources */,
				6F1517D025FFC6D800AD9354 /* AppDelegate.swift in Sources */,
				6F6E22182608BF510057D41F /* Containerable.swift in Sources */,
				6FED189A261B1BB4000D5E27 /* SkipEntity.swift in Sources */,
				6F44B100260387DB0047A3E5 /* StationProvider.swift in Sources */,
				6F44B11E2603C0C70047A3E5 /* LiveStationsViewController.swift in Sources */,
				6FE9B897260A0C940023F68D /* PlayerStateViewController.swift in Sources */,
				6F44B1172603B0890047A3E5 /* ListViewController.swift in Sources */,
			);
			runOnlyForDeploymentPostprocessing = 0;
		};
		6F1517DE25FFC6DB00AD9354 /* Sources */ = {
			isa = PBXSourcesBuildPhase;
			buildActionMask = 2147483647;
			files = (
				6F1517E725FFC6DB00AD9354 /* ios_marconi_appTests.swift in Sources */,
			);
			runOnlyForDeploymentPostprocessing = 0;
		};
/* End PBXSourcesBuildPhase section */

/* Begin PBXTargetDependency section */
		6F1517E425FFC6DB00AD9354 /* PBXTargetDependency */ = {
			isa = PBXTargetDependency;
			target = 6F1517CB25FFC6D800AD9354 /* ios-marconi-app */;
			targetProxy = 6F1517E325FFC6DB00AD9354 /* PBXContainerItemProxy */;
		};
/* End PBXTargetDependency section */

/* Begin PBXVariantGroup section */
		6F1517D525FFC6D800AD9354 /* Main.storyboard */ = {
			isa = PBXVariantGroup;
			children = (
				6F1517D625FFC6D800AD9354 /* Base */,
			);
			name = Main.storyboard;
			sourceTree = "<group>";
		};
		6F1517DA25FFC6DB00AD9354 /* LaunchScreen.storyboard */ = {
			isa = PBXVariantGroup;
			children = (
				6F1517DB25FFC6DB00AD9354 /* Base */,
			);
			name = LaunchScreen.storyboard;
			sourceTree = "<group>";
		};
/* End PBXVariantGroup section */

/* Begin XCBuildConfiguration section */
		6F1517E925FFC6DB00AD9354 /* Debug */ = {
			isa = XCBuildConfiguration;
			buildSettings = {
				ALWAYS_SEARCH_USER_PATHS = NO;
				CLANG_ANALYZER_NONNULL = YES;
				CLANG_ANALYZER_NUMBER_OBJECT_CONVERSION = YES_AGGRESSIVE;
				CLANG_CXX_LANGUAGE_STANDARD = "gnu++14";
				CLANG_CXX_LIBRARY = "libc++";
				CLANG_ENABLE_MODULES = YES;
				CLANG_ENABLE_OBJC_ARC = YES;
				CLANG_ENABLE_OBJC_WEAK = YES;
				CLANG_WARN_BLOCK_CAPTURE_AUTORELEASING = YES;
				CLANG_WARN_BOOL_CONVERSION = YES;
				CLANG_WARN_COMMA = YES;
				CLANG_WARN_CONSTANT_CONVERSION = YES;
				CLANG_WARN_DEPRECATED_OBJC_IMPLEMENTATIONS = YES;
				CLANG_WARN_DIRECT_OBJC_ISA_USAGE = YES_ERROR;
				CLANG_WARN_DOCUMENTATION_COMMENTS = YES;
				CLANG_WARN_EMPTY_BODY = YES;
				CLANG_WARN_ENUM_CONVERSION = YES;
				CLANG_WARN_INFINITE_RECURSION = YES;
				CLANG_WARN_INT_CONVERSION = YES;
				CLANG_WARN_NON_LITERAL_NULL_CONVERSION = YES;
				CLANG_WARN_OBJC_IMPLICIT_RETAIN_SELF = YES;
				CLANG_WARN_OBJC_LITERAL_CONVERSION = YES;
				CLANG_WARN_OBJC_ROOT_CLASS = YES_ERROR;
				CLANG_WARN_RANGE_LOOP_ANALYSIS = YES;
				CLANG_WARN_STRICT_PROTOTYPES = YES;
				CLANG_WARN_SUSPICIOUS_MOVE = YES;
				CLANG_WARN_UNGUARDED_AVAILABILITY = YES_AGGRESSIVE;
				CLANG_WARN_UNREACHABLE_CODE = YES;
				CLANG_WARN__DUPLICATE_METHOD_MATCH = YES;
				COPY_PHASE_STRIP = NO;
				DEBUG_INFORMATION_FORMAT = dwarf;
				ENABLE_STRICT_OBJC_MSGSEND = YES;
				ENABLE_TESTABILITY = YES;
				GCC_C_LANGUAGE_STANDARD = gnu11;
				GCC_DYNAMIC_NO_PIC = NO;
				GCC_NO_COMMON_BLOCKS = YES;
				GCC_OPTIMIZATION_LEVEL = 0;
				GCC_PREPROCESSOR_DEFINITIONS = (
					"DEBUG=1",
					"$(inherited)",
				);
				GCC_WARN_64_TO_32_BIT_CONVERSION = YES;
				GCC_WARN_ABOUT_RETURN_TYPE = YES_ERROR;
				GCC_WARN_UNDECLARED_SELECTOR = YES;
				GCC_WARN_UNINITIALIZED_AUTOS = YES_AGGRESSIVE;
				GCC_WARN_UNUSED_FUNCTION = YES;
				GCC_WARN_UNUSED_VARIABLE = YES;
				IPHONEOS_DEPLOYMENT_TARGET = 13.7;
				MTL_ENABLE_DEBUG_INFO = INCLUDE_SOURCE;
				MTL_FAST_MATH = YES;
				ONLY_ACTIVE_ARCH = YES;
				SDKROOT = iphoneos;
				SWIFT_ACTIVE_COMPILATION_CONDITIONS = DEBUG;
				SWIFT_OPTIMIZATION_LEVEL = "-Onone";
			};
			name = Debug;
		};
		6F1517EA25FFC6DB00AD9354 /* Release */ = {
			isa = XCBuildConfiguration;
			buildSettings = {
				ALWAYS_SEARCH_USER_PATHS = NO;
				CLANG_ANALYZER_NONNULL = YES;
				CLANG_ANALYZER_NUMBER_OBJECT_CONVERSION = YES_AGGRESSIVE;
				CLANG_CXX_LANGUAGE_STANDARD = "gnu++14";
				CLANG_CXX_LIBRARY = "libc++";
				CLANG_ENABLE_MODULES = YES;
				CLANG_ENABLE_OBJC_ARC = YES;
				CLANG_ENABLE_OBJC_WEAK = YES;
				CLANG_WARN_BLOCK_CAPTURE_AUTORELEASING = YES;
				CLANG_WARN_BOOL_CONVERSION = YES;
				CLANG_WARN_COMMA = YES;
				CLANG_WARN_CONSTANT_CONVERSION = YES;
				CLANG_WARN_DEPRECATED_OBJC_IMPLEMENTATIONS = YES;
				CLANG_WARN_DIRECT_OBJC_ISA_USAGE = YES_ERROR;
				CLANG_WARN_DOCUMENTATION_COMMENTS = YES;
				CLANG_WARN_EMPTY_BODY = YES;
				CLANG_WARN_ENUM_CONVERSION = YES;
				CLANG_WARN_INFINITE_RECURSION = YES;
				CLANG_WARN_INT_CONVERSION = YES;
				CLANG_WARN_NON_LITERAL_NULL_CONVERSION = YES;
				CLANG_WARN_OBJC_IMPLICIT_RETAIN_SELF = YES;
				CLANG_WARN_OBJC_LITERAL_CONVERSION = YES;
				CLANG_WARN_OBJC_ROOT_CLASS = YES_ERROR;
				CLANG_WARN_RANGE_LOOP_ANALYSIS = YES;
				CLANG_WARN_STRICT_PROTOTYPES = YES;
				CLANG_WARN_SUSPICIOUS_MOVE = YES;
				CLANG_WARN_UNGUARDED_AVAILABILITY = YES_AGGRESSIVE;
				CLANG_WARN_UNREACHABLE_CODE = YES;
				CLANG_WARN__DUPLICATE_METHOD_MATCH = YES;
				COPY_PHASE_STRIP = NO;
				DEBUG_INFORMATION_FORMAT = "dwarf-with-dsym";
				ENABLE_NS_ASSERTIONS = NO;
				ENABLE_STRICT_OBJC_MSGSEND = YES;
				GCC_C_LANGUAGE_STANDARD = gnu11;
				GCC_NO_COMMON_BLOCKS = YES;
				GCC_WARN_64_TO_32_BIT_CONVERSION = YES;
				GCC_WARN_ABOUT_RETURN_TYPE = YES_ERROR;
				GCC_WARN_UNDECLARED_SELECTOR = YES;
				GCC_WARN_UNINITIALIZED_AUTOS = YES_AGGRESSIVE;
				GCC_WARN_UNUSED_FUNCTION = YES;
				GCC_WARN_UNUSED_VARIABLE = YES;
				IPHONEOS_DEPLOYMENT_TARGET = 13.7;
				MTL_ENABLE_DEBUG_INFO = NO;
				MTL_FAST_MATH = YES;
				SDKROOT = iphoneos;
				SWIFT_COMPILATION_MODE = wholemodule;
				SWIFT_OPTIMIZATION_LEVEL = "-O";
				VALIDATE_PRODUCT = YES;
			};
			name = Release;
		};
		6F1517EC25FFC6DB00AD9354 /* Debug */ = {
			isa = XCBuildConfiguration;
			baseConfigurationReference = 2ED3931EB7DDB41FFAD74885 /* Pods-ios-marconi-app.debug.xcconfig */;
			buildSettings = {
				ASSETCATALOG_COMPILER_APPICON_NAME = AppIcon;
				CODE_SIGN_STYLE = Automatic;
				DEVELOPMENT_TEAM = 949EPRTE2W;
				INFOPLIST_FILE = "ios-marconi-app/Info.plist";
				LD_RUNPATH_SEARCH_PATHS = (
					"$(inherited)",
					"@executable_path/Frameworks",
				);
				PRODUCT_BUNDLE_IDENTIFIER = "com.personal.ios-marconi-app";
				PRODUCT_NAME = "$(TARGET_NAME)";
				SWIFT_VERSION = 5.0;
				TARGETED_DEVICE_FAMILY = "1,2";
			};
			name = Debug;
		};
		6F1517ED25FFC6DB00AD9354 /* Release */ = {
			isa = XCBuildConfiguration;
			baseConfigurationReference = D8D8FB7978952A9704B8DFA8 /* Pods-ios-marconi-app.release.xcconfig */;
			buildSettings = {
				ASSETCATALOG_COMPILER_APPICON_NAME = AppIcon;
				CODE_SIGN_STYLE = Automatic;
				INFOPLIST_FILE = "ios-marconi-app/Info.plist";
				LD_RUNPATH_SEARCH_PATHS = (
					"$(inherited)",
					"@executable_path/Frameworks",
				);
				PRODUCT_BUNDLE_IDENTIFIER = "com.personal.ios-marconi-app";
				PRODUCT_NAME = "$(TARGET_NAME)";
				SWIFT_VERSION = 5.0;
				TARGETED_DEVICE_FAMILY = "1,2";
			};
			name = Release;
		};
		6F1517EF25FFC6DB00AD9354 /* Debug */ = {
			isa = XCBuildConfiguration;
			buildSettings = {
				ALWAYS_EMBED_SWIFT_STANDARD_LIBRARIES = YES;
				BUNDLE_LOADER = "$(TEST_HOST)";
				CODE_SIGN_STYLE = Automatic;
				INFOPLIST_FILE = "ios-marconi-appTests/Info.plist";
				IPHONEOS_DEPLOYMENT_TARGET = 13.7;
				LD_RUNPATH_SEARCH_PATHS = (
					"$(inherited)",
					"@executable_path/Frameworks",
					"@loader_path/Frameworks",
				);
				PRODUCT_BUNDLE_IDENTIFIER = "com.personal.ios-marconi-appTests";
				PRODUCT_NAME = "$(TARGET_NAME)";
				SWIFT_VERSION = 5.0;
				TARGETED_DEVICE_FAMILY = "1,2";
				TEST_HOST = "$(BUILT_PRODUCTS_DIR)/ios-marconi-app.app/ios-marconi-app";
			};
			name = Debug;
		};
		6F1517F025FFC6DB00AD9354 /* Release */ = {
			isa = XCBuildConfiguration;
			buildSettings = {
				ALWAYS_EMBED_SWIFT_STANDARD_LIBRARIES = YES;
				BUNDLE_LOADER = "$(TEST_HOST)";
				CODE_SIGN_STYLE = Automatic;
				INFOPLIST_FILE = "ios-marconi-appTests/Info.plist";
				IPHONEOS_DEPLOYMENT_TARGET = 13.7;
				LD_RUNPATH_SEARCH_PATHS = (
					"$(inherited)",
					"@executable_path/Frameworks",
					"@loader_path/Frameworks",
				);
				PRODUCT_BUNDLE_IDENTIFIER = "com.personal.ios-marconi-appTests";
				PRODUCT_NAME = "$(TARGET_NAME)";
				SWIFT_VERSION = 5.0;
				TARGETED_DEVICE_FAMILY = "1,2";
				TEST_HOST = "$(BUILT_PRODUCTS_DIR)/ios-marconi-app.app/ios-marconi-app";
			};
			name = Release;
		};
/* End XCBuildConfiguration section */

/* Begin XCConfigurationList section */
		6F1517C725FFC6D800AD9354 /* Build configuration list for PBXProject "ios-marconi-app" */ = {
			isa = XCConfigurationList;
			buildConfigurations = (
				6F1517E925FFC6DB00AD9354 /* Debug */,
				6F1517EA25FFC6DB00AD9354 /* Release */,
			);
			defaultConfigurationIsVisible = 0;
			defaultConfigurationName = Release;
		};
		6F1517EB25FFC6DB00AD9354 /* Build configuration list for PBXNativeTarget "ios-marconi-app" */ = {
			isa = XCConfigurationList;
			buildConfigurations = (
				6F1517EC25FFC6DB00AD9354 /* Debug */,
				6F1517ED25FFC6DB00AD9354 /* Release */,
			);
			defaultConfigurationIsVisible = 0;
			defaultConfigurationName = Release;
		};
		6F1517EE25FFC6DB00AD9354 /* Build configuration list for PBXNativeTarget "ios-marconi-appTests" */ = {
			isa = XCConfigurationList;
			buildConfigurations = (
				6F1517EF25FFC6DB00AD9354 /* Debug */,
				6F1517F025FFC6DB00AD9354 /* Release */,
			);
			defaultConfigurationIsVisible = 0;
			defaultConfigurationName = Release;
		};
/* End XCConfigurationList section */
	};
	rootObject = 6F1517C425FFC6D800AD9354 /* Project object */;
}
